
Microsoft Visual Studio Solution File, Format Version 12.00
# Visual Studio 15
Project("{FAE04EC0-301F-11D3-BF4B-00C04F79EFBC}") = "CodeFirstExample", "CodeFirstExample\CodeFirstExample.csproj", "{AFCA70BA-C7F9-444E-ACA8-B695B5AF5331}"
EndProject
Global
	GlobalSection(SolutionConfigurationPlatforms) = preSolution
		Debug|Any CPU = Debug|Any CPU
		Release|Any CPU = Release|Any CPU
	EndGlobalSection
	GlobalSection(ProjectConfigurationPlatforms) = postSolution
		{AFCA70BA-C7F9-444E-ACA8-B695B5AF5331}.Debug|Any CPU.ActiveCfg = Debug|Any CPU
		{AFCA70BA-C7F9-444E-ACA8-B695B5AF5331}.Debug|Any CPU.Build.0 = Debug|Any CPU
		{AFCA70BA-C7F9-444E-ACA8-B695B5AF5331}.Release|Any CPU.ActiveCfg = Release|Any CPU
		{AFCA70BA-C7F9-444E-ACA8-B695B5AF5331}.Release|Any CPU.Build.0 = Release|Any CPU
	EndGlobalSection
EndGlobal
